// !$*UTF8*$!
{
	archiveVersion = 1;
	classes = {
	};
	objectVersion = 50;
	objects = {

/* Begin PBXBuildFile section */
		716AA7A326861D280023CE75 /* Singer+CoreDataClass.swift in Sources */ = {isa = PBXBuildFile; fileRef = 716AA7A126861D280023CE75 /* Singer+CoreDataClass.swift */; };
		716AA7A426861D280023CE75 /* Singer+CoreDataProperties.swift in Sources */ = {isa = PBXBuildFile; fileRef = 716AA7A226861D280023CE75 /* Singer+CoreDataProperties.swift */; };
		71AF22EC26861E72008ABD47 /* FilteredList.swift in Sources */ = {isa = PBXBuildFile; fileRef = 71AF22EB26861E72008ABD47 /* FilteredList.swift */; };
		71E07E3E268122E70044F52E /* AppDelegate.swift in Sources */ = {isa = PBXBuildFile; fileRef = 71E07E3D268122E70044F52E /* AppDelegate.swift */; };
		71E07E40268122E70044F52E /* SceneDelegate.swift in Sources */ = {isa = PBXBuildFile; fileRef = 71E07E3F268122E70044F52E /* SceneDelegate.swift */; };
		71E07E42268122E70044F52E /* ContentView.swift in Sources */ = {isa = PBXBuildFile; fileRef = 71E07E41268122E70044F52E /* ContentView.swift */; };
		71E07E45268122E70044F52E /* CoreDataProject.xcdatamodeld in Sources */ = {isa = PBXBuildFile; fileRef = 71E07E43268122E70044F52E /* CoreDataProject.xcdatamodeld */; };
		71E07E47268122E80044F52E /* Assets.xcassets in Resources */ = {isa = PBXBuildFile; fileRef = 71E07E46268122E80044F52E /* Assets.xcassets */; };
		71E07E4A268122E80044F52E /* Preview Assets.xcassets in Resources */ = {isa = PBXBuildFile; fileRef = 71E07E49268122E80044F52E /* Preview Assets.xcassets */; };
		71E07E4D268122E80044F52E /* LaunchScreen.storyboard in Resources */ = {isa = PBXBuildFile; fileRef = 71E07E4B268122E80044F52E /* LaunchScreen.storyboard */; };
/* End PBXBuildFile section */

/* Begin PBXFileReference section */
		716AA7A126861D280023CE75 /* Singer+CoreDataClass.swift */ = {isa = PBXFileReference; lastKnownFileType = sourcecode.swift; name = "Singer+CoreDataClass.swift"; path = "CoreDataProject/Singer+CoreDataClass.swift"; sourceTree = "<group>"; };
		716AA7A226861D280023CE75 /* Singer+CoreDataProperties.swift */ = {isa = PBXFileReference; lastKnownFileType = sourcecode.swift; name = "Singer+CoreDataProperties.swift"; path = "CoreDataProject/Singer+CoreDataProperties.swift"; sourceTree = "<group>"; };
		71AF22EB26861E72008ABD47 /* FilteredList.swift */ = {isa = PBXFileReference; lastKnownFileType = sourcecode.swift; path = FilteredList.swift; sourceTree = "<group>"; };
		71E07E3A268122E70044F52E /* CoreDataProject.app */ = {isa = PBXFileReference; explicitFileType = wrapper.application; includeInIndex = 0; path = CoreDataProject.app; sourceTree = BUILT_PRODUCTS_DIR; };
		71E07E3D268122E70044F52E /* AppDelegate.swift */ = {isa = PBXFileReference; lastKnownFileType = sourcecode.swift; path = AppDelegate.swift; sourceTree = "<group>"; };
		71E07E3F268122E70044F52E /* SceneDelegate.swift */ = {isa = PBXFileReference; lastKnownFileType = sourcecode.swift; path = SceneDelegate.swift; sourceTree = "<group>"; };
		71E07E41268122E70044F52E /* ContentView.swift */ = {isa = PBXFileReference; lastKnownFileType = sourcecode.swift; path = ContentView.swift; sourceTree = "<group>"; };
		71E07E44268122E70044F52E /* CoreDataProject.xcdatamodel */ = {isa = PBXFileReference; lastKnownFileType = wrapper.xcdatamodel; path = CoreDataProject.xcdatamodel; sourceTree = "<group>"; };
		71E07E46268122E80044F52E /* Assets.xcassets */ = {isa = PBXFileReference; lastKnownFileType = folder.assetcatalog; path = Assets.xcassets; sourceTree = "<group>"; };
		71E07E49268122E80044F52E /* Preview Assets.xcassets */ = {isa = PBXFileReference; lastKnownFileType = folder.assetcatalog; path = "Preview Assets.xcassets"; sourceTree = "<group>"; };
		71E07E4C268122E80044F52E /* Base */ = {isa = PBXFileReference; lastKnownFileType = file.storyboard; name = Base; path = Base.lproj/LaunchScreen.storyboard; sourceTree = "<group>"; };
		71E07E4E268122E80044F52E /* Info.plist */ = {isa = PBXFileReference; lastKnownFileType = text.plist.xml; path = Info.plist; sourceTree = "<group>"; };
/* End PBXFileReference section */

/* Begin PBXFrameworksBuildPhase section */
		71E07E37268122E70044F52E /* Frameworks */ = {
			isa = PBXFrameworksBuildPhase;
			buildActionMask = 2147483647;
			files = (
			);
			runOnlyForDeploymentPostprocessing = 0;
		};
/* End PBXFrameworksBuildPhase section */

/* Begin PBXGroup section */
		71E07E31268122E70044F52E = {
			isa = PBXGroup;
			children = (
				716AA7A126861D280023CE75 /* Singer+CoreDataClass.swift */,
				716AA7A226861D280023CE75 /* Singer+CoreDataProperties.swift */,
				71E07E3C268122E70044F52E /* CoreDataProject */,
				71E07E3B268122E70044F52E /* Products */,
			);
			sourceTree = "<group>";
		};
		71E07E3B268122E70044F52E /* Products */ = {
			isa = PBXGroup;
			children = (
				71E07E3A268122E70044F52E /* CoreDataProject.app */,
			);
			name = Products;
			sourceTree = "<group>";
		};
		71E07E3C268122E70044F52E /* CoreDataProject */ = {
			isa = PBXGroup;
			children = (
				71E07E3D268122E70044F52E /* AppDelegate.swift */,
				71E07E3F268122E70044F52E /* SceneDelegate.swift */,
				71E07E41268122E70044F52E /* ContentView.swift */,
				71AF22EB26861E72008ABD47 /* FilteredList.swift */,
				71E07E46268122E80044F52E /* Assets.xcassets */,
				71E07E4B268122E80044F52E /* LaunchScreen.storyboard */,
				71E07E4E268122E80044F52E /* Info.plist */,
				71E07E43268122E70044F52E /* CoreDataProject.xcdatamodeld */,
				71E07E48268122E80044F52E /* Preview Content */,
			);
			path = CoreDataProject;
			sourceTree = "<group>";
		};
		71E07E48268122E80044F52E /* Preview Content */ = {
			isa = PBXGroup;
			children = (
				71E07E49268122E80044F52E /* Preview Assets.xcassets */,
			);
			path = "Preview Content";
			sourceTree = "<group>";
		};
/* End PBXGroup section */

/* Begin PBXNativeTarget section */
		71E07E39268122E70044F52E /* CoreDataProject */ = {
			isa = PBXNativeTarget;
			buildConfigurationList = 71E07E51268122E80044F52E /* Build configuration list for PBXNativeTarget "CoreDataProject" */;
			buildPhases = (
				71E07E36268122E70044F52E /* Sources */,
				71E07E37268122E70044F52E /* Frameworks */,
				71E07E38268122E70044F52E /* Resources */,
			);
			buildRules = (
			);
			dependencies = (
			);
			name = CoreDataProject;
			productName = CoreDataProject;
			productReference = 71E07E3A268122E70044F52E /* CoreDataProject.app */;
			productType = "com.apple.product-type.application";
		};
/* End PBXNativeTarget section */

/* Begin PBXProject section */
		71E07E32268122E70044F52E /* Project object */ = {
			isa = PBXProject;
			attributes = {
				LastSwiftUpdateCheck = 1250;
				LastUpgradeCheck = 1250;
				TargetAttributes = {
					71E07E39268122E70044F52E = {
						CreatedOnToolsVersion = 12.5;
					};
				};
			};
			buildConfigurationList = 71E07E35268122E70044F52E /* Build configuration list for PBXProject "CoreDataProject" */;
			compatibilityVersion = "Xcode 9.3";
			developmentRegion = en;
			hasScannedForEncodings = 0;
			knownRegions = (
				en,
				Base,
			);
			mainGroup = 71E07E31268122E70044F52E;
			productRefGroup = 71E07E3B268122E70044F52E /* Products */;
			projectDirPath = "";
			projectRoot = "";
			targets = (
				71E07E39268122E70044F52E /* CoreDataProject */,
			);
		};
/* End PBXProject section */

/* Begin PBXResourcesBuildPhase section */
		71E07E38268122E70044F52E /* Resources */ = {
			isa = PBXResourcesBuildPhase;
			buildActionMask = 2147483647;
			files = (
				71E07E4D268122E80044F52E /* LaunchScreen.storyboard in Resources */,
				71E07E4A268122E80044F52E /* Preview Assets.xcassets in Resources */,
				71E07E47268122E80044F52E /* Assets.xcassets in Resources */,
			);
			runOnlyForDeploymentPostprocessing = 0;
		};
/* End PBXResourcesBuildPhase section */

/* Begin PBXSourcesBuildPhase section */
		71E07E36268122E70044F52E /* Sources */ = {
			isa = PBXSourcesBuildPhase;
			buildActionMask = 2147483647;
			files = (
				71E07E3E268122E70044F52E /* AppDelegate.swift in Sources */,
				716AA7A426861D280023CE75 /* Singer+CoreDataProperties.swift in Sources */,
				71E07E40268122E70044F52E /* SceneDelegate.swift in Sources */,
				716AA7A326861D280023CE75 /* Singer+CoreDataClass.swift in Sources */,
				71E07E45268122E70044F52E /* CoreDataProject.xcdatamodeld in Sources */,
				71E07E42268122E70044F52E /* ContentView.swift in Sources */,
				71AF22EC26861E72008ABD47 /* FilteredList.swift in Sources */,
			);
			runOnlyForDeploymentPostprocessing = 0;
		};
/* End PBXSourcesBuildPhase section */

/* Begin PBXVariantGroup section */
		71E07E4B268122E80044F52E /* LaunchScreen.storyboard */ = {
			isa = PBXVariantGroup;
			children = (
				71E07E4C268122E80044F52E /* Base */,
			);
			name = LaunchScreen.storyboard;
			sourceTree = "<group>";
		};
/* End PBXVariantGroup section */

/* Begin XCBuildConfiguration section */
		71E07E4F268122E80044F52E /* Debug */ = {
			isa = XCBuildConfiguration;
			buildSettings = {
				ALWAYS_SEARCH_USER_PATHS = NO;
				CLANG_ANALYZER_NONNULL = YES;
				CLANG_ANALYZER_NUMBER_OBJECT_CONVERSION = YES_AGGRESSIVE;
				CLANG_CXX_LANGUAGE_STANDARD = "gnu++14";
				CLANG_CXX_LIBRARY = "libc++";
				CLANG_ENABLE_MODULES = YES;
				CLANG_ENABLE_OBJC_ARC = YES;
				CLANG_ENABLE_OBJC_WEAK = YES;
				CLANG_WARN_BLOCK_CAPTURE_AUTORELEASING = YES;
				CLANG_WARN_BOOL_CONVERSION = YES;
				CLANG_WARN_COMMA = YES;
				CLANG_WARN_CONSTANT_CONVERSION = YES;
				CLANG_WARN_DEPRECATED_OBJC_IMPLEMENTATIONS = YES;
				CLANG_WARN_DIRECT_OBJC_ISA_USAGE = YES_ERROR;
				CLANG_WARN_DOCUMENTATION_COMMENTS = YES;
				CLANG_WARN_EMPTY_BODY = YES;
				CLANG_WARN_ENUM_CONVERSION = YES;
				CLANG_WARN_INFINITE_RECURSION = YES;
				CLANG_WARN_INT_CONVERSION = YES;
				CLANG_WARN_NON_LITERAL_NULL_CONVERSION = YES;
				CLANG_WARN_OBJC_IMPLICIT_RETAIN_SELF = YES;
				CLANG_WARN_OBJC_LITERAL_CONVERSION = YES;
				CLANG_WARN_OBJC_ROOT_CLASS = YES_ERROR;
				CLANG_WARN_QUOTED_INCLUDE_IN_FRAMEWORK_HEADER = YES;
				CLANG_WARN_RANGE_LOOP_ANALYSIS = YES;
				CLANG_WARN_STRICT_PROTOTYPES = YES;
				CLANG_WARN_SUSPICIOUS_MOVE = YES;
				CLANG_WARN_UNGUARDED_AVAILABILITY = YES_AGGRESSIVE;
				CLANG_WARN_UNREACHABLE_CODE = YES;
				CLANG_WARN__DUPLICATE_METHOD_MATCH = YES;
				COPY_PHASE_STRIP = NO;
				DEBUG_INFORMATION_FORMAT = dwarf;
				ENABLE_STRICT_OBJC_MSGSEND = YES;
				ENABLE_TESTABILITY = YES;
				GCC_C_LANGUAGE_STANDARD = gnu11;
				GCC_DYNAMIC_NO_PIC = NO;
				GCC_NO_COMMON_BLOCKS = YES;
				GCC_OPTIMIZATION_LEVEL = 0;
				GCC_PREPROCESSOR_DEFINITIONS = (
					"DEBUG=1",
					"$(inherited)",
				);
				GCC_WARN_64_TO_32_BIT_CONVERSION = YES;
				GCC_WARN_ABOUT_RETURN_TYPE = YES_ERROR;
				GCC_WARN_UNDECLARED_SELECTOR = YES;
				GCC_WARN_UNINITIALIZED_AUTOS = YES_AGGRESSIVE;
				GCC_WARN_UNUSED_FUNCTION = YES;
				GCC_WARN_UNUSED_VARIABLE = YES;
				IPHONEOS_DEPLOYMENT_TARGET = 14.5;
				MTL_ENABLE_DEBUG_INFO = INCLUDE_SOURCE;
				MTL_FAST_MATH = YES;
				ONLY_ACTIVE_ARCH = YES;
				SDKROOT = iphoneos;
				SWIFT_ACTIVE_COMPILATION_CONDITIONS = DEBUG;
				SWIFT_OPTIMIZATION_LEVEL = "-Onone";
			};
			name = Debug;
		};
		71E07E50268122E80044F52E /* Release */ = {
			isa = XCBuildConfiguration;
			buildSettings = {
				ALWAYS_SEARCH_USER_PATHS = NO;
				CLANG_ANALYZER_NONNULL = YES;
				CLANG_ANALYZER_NUMBER_OBJECT_CONVERSION = YES_AGGRESSIVE;
				CLANG_CXX_LANGUAGE_STANDARD = "gnu++14";
				CLANG_CXX_LIBRARY = "libc++";
				CLANG_ENABLE_MODULES = YES;
				CLANG_ENABLE_OBJC_ARC = YES;
				CLANG_ENABLE_OBJC_WEAK = YES;
				CLANG_WARN_BLOCK_CAPTURE_AUTORELEASING = YES;
				CLANG_WARN_BOOL_CONVERSION = YES;
				CLANG_WARN_COMMA = YES;
				CLANG_WARN_CONSTANT_CONVERSION = YES;
				CLANG_WARN_DEPRECATED_OBJC_IMPLEMENTATIONS = YES;
				CLANG_WARN_DIRECT_OBJC_ISA_USAGE = YES_ERROR;
				CLANG_WARN_DOCUMENTATION_COMMENTS = YES;
				CLANG_WARN_EMPTY_BODY = YES;
				CLANG_WARN_ENUM_CONVERSION = YES;
				CLANG_WARN_INFINITE_RECURSION = YES;
				CLANG_WARN_INT_CONVERSION = YES;
				CLANG_WARN_NON_LITERAL_NULL_CONVERSION = YES;
				CLANG_WARN_OBJC_IMPLICIT_RETAIN_SELF = YES;
				CLANG_WARN_OBJC_LITERAL_CONVERSION = YES;
				CLANG_WARN_OBJC_ROOT_CLASS = YES_ERROR;
				CLANG_WARN_QUOTED_INCLUDE_IN_FRAMEWORK_HEADER = YES;
				CLANG_WARN_RANGE_LOOP_ANALYSIS = YES;
				CLANG_WARN_STRICT_PROTOTYPES = YES;
				CLANG_WARN_SUSPICIOUS_MOVE = YES;
				CLANG_WARN_UNGUARDED_AVAILABILITY = YES_AGGRESSIVE;
				CLANG_WARN_UNREACHABLE_CODE = YES;
				CLANG_WARN__DUPLICATE_METHOD_MATCH = YES;
				COPY_PHASE_STRIP = NO;
				DEBUG_INFORMATION_FORMAT = "dwarf-with-dsym";
				ENABLE_NS_ASSERTIONS = NO;
				ENABLE_STRICT_OBJC_MSGSEND = YES;
				GCC_C_LANGUAGE_STANDARD = gnu11;
				GCC_NO_COMMON_BLOCKS = YES;
				GCC_WARN_64_TO_32_BIT_CONVERSION = YES;
				GCC_WARN_ABOUT_RETURN_TYPE = YES_ERROR;
				GCC_WARN_UNDECLARED_SELECTOR = YES;
				GCC_WARN_UNINITIALIZED_AUTOS = YES_AGGRESSIVE;
				GCC_WARN_UNUSED_FUNCTION = YES;
				GCC_WARN_UNUSED_VARIABLE = YES;
				IPHONEOS_DEPLOYMENT_TARGET = 14.5;
				MTL_ENABLE_DEBUG_INFO = NO;
				MTL_FAST_MATH = YES;
				SDKROOT = iphoneos;
				SWIFT_COMPILATION_MODE = wholemodule;
				SWIFT_OPTIMIZATION_LEVEL = "-O";
				VALIDATE_PRODUCT = YES;
			};
			name = Release;
		};
		71E07E52268122E80044F52E /* Debug */ = {
			isa = XCBuildConfiguration;
			buildSettings = {
				ASSETCATALOG_COMPILER_APPICON_NAME = AppIcon;
				ASSETCATALOG_COMPILER_GLOBAL_ACCENT_COLOR_NAME = AccentColor;
				CODE_SIGN_STYLE = Automatic;
				DEVELOPMENT_ASSET_PATHS = "\"CoreDataProject/Preview Content\"";
				DEVELOPMENT_TEAM = M6Z8JUW5F9;
				ENABLE_PREVIEWS = YES;
				INFOPLIST_FILE = CoreDataProject/Info.plist;
				LD_RUNPATH_SEARCH_PATHS = (
					"$(inherited)",
					"@executable_path/Frameworks",
				);
				PRODUCT_BUNDLE_IDENTIFIER = com.konrad.cureau.CoreDataProject;
				PRODUCT_NAME = "$(TARGET_NAME)";
				SWIFT_VERSION = 5.0;
				TARGETED_DEVICE_FAMILY = "1,2";
			};
			name = Debug;
		};
		71E07E53268122E80044F52E /* Release */ = {
			isa = XCBuildConfiguration;
			buildSettings = {
				ASSETCATALOG_COMPILER_APPICON_NAME = AppIcon;
				ASSETCATALOG_COMPILER_GLOBAL_ACCENT_COLOR_NAME = AccentColor;
				CODE_SIGN_STYLE = Automatic;
				DEVELOPMENT_ASSET_PATHS = "\"CoreDataProject/Preview Content\"";
				DEVELOPMENT_TEAM = M6Z8JUW5F9;
				ENABLE_PREVIEWS = YES;
				INFOPLIST_FILE = CoreDataProject/Info.plist;
				LD_RUNPATH_SEARCH_PATHS = (
					"$(inherited)",
					"@executable_path/Frameworks",
				);
				PRODUCT_BUNDLE_IDENTIFIER = com.konrad.cureau.CoreDataProject;
				PRODUCT_NAME = "$(TARGET_NAME)";
				SWIFT_VERSION = 5.0;
				TARGETED_DEVICE_FAMILY = "1,2";
			};
			name = Release;
		};
/* End XCBuildConfiguration section */

/* Begin XCConfigurationList section */
		71E07E35268122E70044F52E /* Build configuration list for PBXProject "CoreDataProject" */ = {
			isa = XCConfigurationList;
			buildConfigurations = (
				71E07E4F268122E80044F52E /* Debug */,
				71E07E50268122E80044F52E /* Release */,
			);
			defaultConfigurationIsVisible = 0;
			defaultConfigurationName = Release;
		};
		71E07E51268122E80044F52E /* Build configuration list for PBXNativeTarget "CoreDataProject" */ = {
			isa = XCConfigurationList;
			buildConfigurations = (
				71E07E52268122E80044F52E /* Debug */,
				71E07E53268122E80044F52E /* Release */,
			);
			defaultConfigurationIsVisible = 0;
			defaultConfigurationName = Release;
		};
/* End XCConfigurationList section */

/* Begin XCVersionGroup section */
		71E07E43268122E70044F52E /* CoreDataProject.xcdatamodeld */ = {
			isa = XCVersionGroup;
			children = (
				71E07E44268122E70044F52E /* CoreDataProject.xcdatamodel */,
			);
			currentVersion = 71E07E44268122E70044F52E /* CoreDataProject.xcdatamodel */;
			path = CoreDataProject.xcdatamodeld;
			sourceTree = "<group>";
			versionGroupType = wrapper.xcdatamodel;
		};
/* End XCVersionGroup section */
	};
	rootObject = 71E07E32268122E70044F52E /* Project object */;
}
